// !$*UTF8*$!
{
	archiveVersion = 1;
	classes = {
	};
	objectVersion = 56;
	objects = {

/* Begin PBXBuildFile section */
		B53E22CF2E23EACE00FC1A3A /* QuizList.swift in Sources */ = {isa = PBXBuildFile; fileRef = B53E22CE2E23EAC800FC1A3A /* QuizList.swift */; };
		B53E22D22E23ED6400FC1A3A /* QuizQuestion.swift in Sources */ = {isa = PBXBuildFile; fileRef = B53E22D12E23ED6100FC1A3A /* QuizQuestion.swift */; };
		B53E22D52E23F05C00FC1A3A /* BottomNav.swift in Sources */ = {isa = PBXBuildFile; fileRef = B53E22D42E23F05700FC1A3A /* BottomNav.swift */; };
		B53E22D72E23F0DF00FC1A3A /* AppView.swift in Sources */ = {isa = PBXBuildFile; fileRef = B53E22D62E23F0DD00FC1A3A /* AppView.swift */; };
		B559F4CF2E23B7F90014866E /* Supabase in Frameworks */ = {isa = PBXBuildFile; productRef = B559F4CE2E23B7F90014866E /* Supabase */; };
		B55CAE8C2E3B12B3000FAB51 /* ProgressOverview.swift in Sources */ = {isa = PBXBuildFile; fileRef = B55CAE8B2E3B12AE000FAB51 /* ProgressOverview.swift */; };
		B560088B2E24A92D000558F8 /* ProfileView.swift in Sources */ = {isa = PBXBuildFile; fileRef = B560088A2E24A92C000558F8 /* ProfileView.swift */; };
		B560088D2E24AA4B000558F8 /* ConvoInputField.swift in Sources */ = {isa = PBXBuildFile; fileRef = B560088C2E24AA49000558F8 /* ConvoInputField.swift */; };
		B57B2A4B2E28C3060026D549 /* ShopModels.swift in Sources */ = {isa = PBXBuildFile; fileRef = B57B2A4A2E28C3040026D549 /* ShopModels.swift */; };
		B57B2A4E2E28C4FC0026D549 /* ShopView.swift in Sources */ = {isa = PBXBuildFile; fileRef = B57B2A4D2E28C4FA0026D549 /* ShopView.swift */; };
		B593AEEA2E261B2500BAF13C /* QuizContent.swift in Sources */ = {isa = PBXBuildFile; fileRef = B593AEE92E261B2200BAF13C /* QuizContent.swift */; };
		B59E6D452E253FB000FFC42C /* QuizResult.swift in Sources */ = {isa = PBXBuildFile; fileRef = B59E6D442E253FAD00FFC42C /* QuizResult.swift */; };
		B59E6D492E25447F00FFC42C /* UserSetup.swift in Sources */ = {isa = PBXBuildFile; fileRef = B59E6D482E25447B00FFC42C /* UserSetup.swift */; };
		B59E6D4B2E25461500FFC42C /* ProfileSummary.swift in Sources */ = {isa = PBXBuildFile; fileRef = B59E6D4A2E25461000FFC42C /* ProfileSummary.swift */; };
		B59E6D4D2E25470700FFC42C /* NeumorphicInputField.swift in Sources */ = {isa = PBXBuildFile; fileRef = B59E6D4C2E25470000FFC42C /* NeumorphicInputField.swift */; };
		B59E6D512E25B10E00FFC42C /* UserProgress.swift in Sources */ = {isa = PBXBuildFile; fileRef = B59E6D502E25B10900FFC42C /* UserProgress.swift */; };
		B59E6D532E25B37100FFC42C /* StreakCalendar.swift in Sources */ = {isa = PBXBuildFile; fileRef = B59E6D522E25B36D00FFC42C /* StreakCalendar.swift */; };
		B59E6D562E25B4B400FFC42C /* FullCalendar.swift in Sources */ = {isa = PBXBuildFile; fileRef = B59E6D552E25B4B000FFC42C /* FullCalendar.swift */; };
		B5A7EEF72E3B4B4A00E1E4DC /* ThemeManager.swift in Sources */ = {isa = PBXBuildFile; fileRef = B5A7EEF62E3B4B4900E1E4DC /* ThemeManager.swift */; };
		B5CFD8382DFE2C4D00A4E6E4 /* ConvoApp.swift in Sources */ = {isa = PBXBuildFile; fileRef = B5CFD8372DFE2C4D00A4E6E4 /* ConvoApp.swift */; };
		B5CFD83A2DFE2C4D00A4E6E4 /* ContentView.swift in Sources */ = {isa = PBXBuildFile; fileRef = B5CFD8392DFE2C4D00A4E6E4 /* ContentView.swift */; };
		B5CFD83C2DFE2C4E00A4E6E4 /* Assets.xcassets in Resources */ = {isa = PBXBuildFile; fileRef = B5CFD83B2DFE2C4E00A4E6E4 /* Assets.xcassets */; };
		B5CFD83F2DFE2C4E00A4E6E4 /* Preview Assets.xcassets in Resources */ = {isa = PBXBuildFile; fileRef = B5CFD83E2DFE2C4E00A4E6E4 /* Preview Assets.xcassets */; };
		B5CFD8652DFE40AC00A4E6E4 /* Supabase.swift in Sources */ = {isa = PBXBuildFile; fileRef = B5CFD8642DFE40AC00A4E6E4 /* Supabase.swift */; };
		B5CFD8692DFE40CC00A4E6E4 /* AuthView.swift in Sources */ = {isa = PBXBuildFile; fileRef = B5CFD8682DFE40CC00A4E6E4 /* AuthView.swift */; };
		B5CFD86C2DFE40ED00A4E6E4 /* CustomTextField.swift in Sources */ = {isa = PBXBuildFile; fileRef = B5CFD86B2DFE40ED00A4E6E4 /* CustomTextField.swift */; };
		B5CFD86E2DFE73E800A4E6E4 /* Auth in Frameworks */ = {isa = PBXBuildFile; productRef = B5CFD86D2DFE73E800A4E6E4 /* Auth */; };
		B5CFD8702DFE73E800A4E6E4 /* Functions in Frameworks */ = {isa = PBXBuildFile; productRef = B5CFD86F2DFE73E800A4E6E4 /* Functions */; };
		B5CFD8722DFE73E800A4E6E4 /* PostgREST in Frameworks */ = {isa = PBXBuildFile; productRef = B5CFD8712DFE73E800A4E6E4 /* PostgREST */; };
		B5CFD8742DFE73E800A4E6E4 /* Realtime in Frameworks */ = {isa = PBXBuildFile; productRef = B5CFD8732DFE73E800A4E6E4 /* Realtime */; };
		B5CFD8762DFE73E800A4E6E4 /* Storage in Frameworks */ = {isa = PBXBuildFile; productRef = B5CFD8752DFE73E800A4E6E4 /* Storage */; };
/* End PBXBuildFile section */

/* Begin PBXFileReference section */
		B53E22CE2E23EAC800FC1A3A /* QuizList.swift */ = {isa = PBXFileReference; lastKnownFileType = sourcecode.swift; path = QuizList.swift; sourceTree = "<group>"; };
		B53E22D12E23ED6100FC1A3A /* QuizQuestion.swift */ = {isa = PBXFileReference; lastKnownFileType = sourcecode.swift; path = QuizQuestion.swift; sourceTree = "<group>"; };
		B53E22D42E23F05700FC1A3A /* BottomNav.swift */ = {isa = PBXFileReference; lastKnownFileType = sourcecode.swift; path = BottomNav.swift; sourceTree = "<group>"; };
		B53E22D62E23F0DD00FC1A3A /* AppView.swift */ = {isa = PBXFileReference; lastKnownFileType = sourcecode.swift; path = AppView.swift; sourceTree = "<group>"; };
		B55CAE8B2E3B12AE000FAB51 /* ProgressOverview.swift */ = {isa = PBXFileReference; lastKnownFileType = sourcecode.swift; path = ProgressOverview.swift; sourceTree = "<group>"; };
		B560088A2E24A92C000558F8 /* ProfileView.swift */ = {isa = PBXFileReference; lastKnownFileType = sourcecode.swift; path = ProfileView.swift; sourceTree = "<group>"; };
		B560088C2E24AA49000558F8 /* ConvoInputField.swift */ = {isa = PBXFileReference; lastKnownFileType = sourcecode.swift; path = ConvoInputField.swift; sourceTree = "<group>"; };
		B57B2A4A2E28C3040026D549 /* ShopModels.swift */ = {isa = PBXFileReference; lastKnownFileType = sourcecode.swift; path = ShopModels.swift; sourceTree = "<group>"; };
		B57B2A4D2E28C4FA0026D549 /* ShopView.swift */ = {isa = PBXFileReference; lastKnownFileType = sourcecode.swift; path = ShopView.swift; sourceTree = "<group>"; };
		B593AEE92E261B2200BAF13C /* QuizContent.swift */ = {isa = PBXFileReference; lastKnownFileType = sourcecode.swift; path = QuizContent.swift; sourceTree = "<group>"; };
		B59E6D442E253FAD00FFC42C /* QuizResult.swift */ = {isa = PBXFileReference; lastKnownFileType = sourcecode.swift; path = QuizResult.swift; sourceTree = "<group>"; };
		B59E6D482E25447B00FFC42C /* UserSetup.swift */ = {isa = PBXFileReference; lastKnownFileType = sourcecode.swift; path = UserSetup.swift; sourceTree = "<group>"; };
		B59E6D4A2E25461000FFC42C /* ProfileSummary.swift */ = {isa = PBXFileReference; lastKnownFileType = sourcecode.swift; path = ProfileSummary.swift; sourceTree = "<group>"; };
		B59E6D4C2E25470000FFC42C /* NeumorphicInputField.swift */ = {isa = PBXFileReference; lastKnownFileType = sourcecode.swift; path = NeumorphicInputField.swift; sourceTree = "<group>"; };
		B59E6D502E25B10900FFC42C /* UserProgress.swift */ = {isa = PBXFileReference; lastKnownFileType = sourcecode.swift; path = UserProgress.swift; sourceTree = "<group>"; };
		B59E6D522E25B36D00FFC42C /* StreakCalendar.swift */ = {isa = PBXFileReference; lastKnownFileType = sourcecode.swift; path = StreakCalendar.swift; sourceTree = "<group>"; };
		B59E6D552E25B4B000FFC42C /* FullCalendar.swift */ = {isa = PBXFileReference; lastKnownFileType = sourcecode.swift; path = FullCalendar.swift; sourceTree = "<group>"; };
		B5A7EEF62E3B4B4900E1E4DC /* ThemeManager.swift */ = {isa = PBXFileReference; lastKnownFileType = sourcecode.swift; path = ThemeManager.swift; sourceTree = "<group>"; };
		B5CFD8342DFE2C4D00A4E6E4 /* Convo.app */ = {isa = PBXFileReference; explicitFileType = wrapper.application; includeInIndex = 0; path = Convo.app; sourceTree = BUILT_PRODUCTS_DIR; };
		B5CFD8372DFE2C4D00A4E6E4 /* ConvoApp.swift */ = {isa = PBXFileReference; lastKnownFileType = sourcecode.swift; path = ConvoApp.swift; sourceTree = "<group>"; };
		B5CFD8392DFE2C4D00A4E6E4 /* ContentView.swift */ = {isa = PBXFileReference; lastKnownFileType = sourcecode.swift; path = ContentView.swift; sourceTree = "<group>"; };
		B5CFD83B2DFE2C4E00A4E6E4 /* Assets.xcassets */ = {isa = PBXFileReference; lastKnownFileType = folder.assetcatalog; path = Assets.xcassets; sourceTree = "<group>"; };
		B5CFD83E2DFE2C4E00A4E6E4 /* Preview Assets.xcassets */ = {isa = PBXFileReference; lastKnownFileType = folder.assetcatalog; path = "Preview Assets.xcassets"; sourceTree = "<group>"; };
		B5CFD8642DFE40AC00A4E6E4 /* Supabase.swift */ = {isa = PBXFileReference; lastKnownFileType = sourcecode.swift; path = Supabase.swift; sourceTree = "<group>"; };
		B5CFD8682DFE40CC00A4E6E4 /* AuthView.swift */ = {isa = PBXFileReference; lastKnownFileType = sourcecode.swift; path = AuthView.swift; sourceTree = "<group>"; };
		B5CFD86B2DFE40ED00A4E6E4 /* CustomTextField.swift */ = {isa = PBXFileReference; lastKnownFileType = sourcecode.swift; path = CustomTextField.swift; sourceTree = "<group>"; };
/* End PBXFileReference section */

/* Begin PBXFrameworksBuildPhase section */
		B5CFD8312DFE2C4D00A4E6E4 /* Frameworks */ = {
			isa = PBXFrameworksBuildPhase;
			buildActionMask = 2147483647;
			files = (
				B5CFD8722DFE73E800A4E6E4 /* PostgREST in Frameworks */,
				B5CFD8702DFE73E800A4E6E4 /* Functions in Frameworks */,
				B559F4CF2E23B7F90014866E /* Supabase in Frameworks */,
				B5CFD86E2DFE73E800A4E6E4 /* Auth in Frameworks */,
				B5CFD8762DFE73E800A4E6E4 /* Storage in Frameworks */,
				B5CFD8742DFE73E800A4E6E4 /* Realtime in Frameworks */,
			);
			runOnlyForDeploymentPostprocessing = 0;
		};
/* End PBXFrameworksBuildPhase section */

/* Begin PBXGroup section */
		B53E22D02E23ED5C00FC1A3A /* QuizContent */ = {
			isa = PBXGroup;
			children = (
				B593AEE82E261B1100BAF13C /* Quizzes */,
				B59E6D442E253FAD00FFC42C /* QuizResult.swift */,
				B53E22D12E23ED6100FC1A3A /* QuizQuestion.swift */,
			);
			path = QuizContent;
			sourceTree = "<group>";
		};
		B53E22D32E23F04F00FC1A3A /* Layout */ = {
			isa = PBXGroup;
			children = (
				B53E22D42E23F05700FC1A3A /* BottomNav.swift */,
			);
			path = Layout;
			sourceTree = "<group>";
		};
		B559F4CD2E23B7F90014866E /* Frameworks */ = {
			isa = PBXGroup;
			children = (
			);
			name = Frameworks;
			sourceTree = "<group>";
		};
		B57B2A492E28C2FF0026D549 /* Models */ = {
			isa = PBXGroup;
			children = (
				B5A7EEF62E3B4B4900E1E4DC /* ThemeManager.swift */,
				B57B2A4A2E28C3040026D549 /* ShopModels.swift */,
			);
			path = Models;
			sourceTree = "<group>";
		};
		B57B2A4C2E28C4F60026D549 /* Shop */ = {
			isa = PBXGroup;
			children = (
				B57B2A4D2E28C4FA0026D549 /* ShopView.swift */,
			);
			path = Shop;
			sourceTree = "<group>";
		};
		B593AEE82E261B1100BAF13C /* Quizzes */ = {
			isa = PBXGroup;
			children = (
				B593AEE92E261B2200BAF13C /* QuizContent.swift */,
			);
			path = Quizzes;
			sourceTree = "<group>";
		};
		B59E6D472E25447800FFC42C /* Storage */ = {
			isa = PBXGroup;
			children = (
				B59E6D542E25B4AA00FFC42C /* Calendar */,
				B59E6D502E25B10900FFC42C /* UserProgress.swift */,
				B59E6D482E25447B00FFC42C /* UserSetup.swift */,
			);
			path = Storage;
			sourceTree = "<group>";
		};
		B59E6D542E25B4AA00FFC42C /* Calendar */ = {
			isa = PBXGroup;
			children = (
				B59E6D552E25B4B000FFC42C /* FullCalendar.swift */,
				B59E6D522E25B36D00FFC42C /* StreakCalendar.swift */,
			);
			path = Calendar;
			sourceTree = "<group>";
		};
		B5CFD82B2DFE2C4D00A4E6E4 = {
			isa = PBXGroup;
			children = (
				B5CFD8362DFE2C4D00A4E6E4 /* Convo */,
				B559F4CD2E23B7F90014866E /* Frameworks */,
				B5CFD8352DFE2C4D00A4E6E4 /* Products */,
			);
			sourceTree = "<group>";
		};
		B5CFD8352DFE2C4D00A4E6E4 /* Products */ = {
			isa = PBXGroup;
			children = (
				B5CFD8342DFE2C4D00A4E6E4 /* Convo.app */,
			);
			name = Products;
			sourceTree = "<group>";
		};
		B5CFD8362DFE2C4D00A4E6E4 /* Convo */ = {
			isa = PBXGroup;
			children = (
				B57B2A492E28C2FF0026D549 /* Models */,
				B59E6D472E25447800FFC42C /* Storage */,
				B53E22D32E23F04F00FC1A3A /* Layout */,
				B53E22D02E23ED5C00FC1A3A /* QuizContent */,
				B5CFD86A2DFE40E200A4E6E4 /* UICommon */,
				B5CFD8662DFE40BD00A4E6E4 /* View */,
				B5CFD8372DFE2C4D00A4E6E4 /* ConvoApp.swift */,
				B5CFD8392DFE2C4D00A4E6E4 /* ContentView.swift */,
				B5CFD83B2DFE2C4E00A4E6E4 /* Assets.xcassets */,
				B5CFD83D2DFE2C4E00A4E6E4 /* Preview Content */,
				B5CFD8642DFE40AC00A4E6E4 /* Supabase.swift */,
			);
			path = Convo;
			sourceTree = "<group>";
		};
		B5CFD83D2DFE2C4E00A4E6E4 /* Preview Content */ = {
			isa = PBXGroup;
			children = (
				B5CFD83E2DFE2C4E00A4E6E4 /* Preview Assets.xcassets */,
			);
			path = "Preview Content";
			sourceTree = "<group>";
		};
		B5CFD8662DFE40BD00A4E6E4 /* View */ = {
			isa = PBXGroup;
			children = (
				B55CAE8B2E3B12AE000FAB51 /* ProgressOverview.swift */,
				B57B2A4C2E28C4F60026D549 /* Shop */,
				B53E22D62E23F0DD00FC1A3A /* AppView.swift */,
				B53E22CE2E23EAC800FC1A3A /* QuizList.swift */,
				B5CFD8672DFE40C200A4E6E4 /* Login */,
			);
			path = View;
			sourceTree = "<group>";
		};
		B5CFD8672DFE40C200A4E6E4 /* Login */ = {
			isa = PBXGroup;
			children = (
				B59E6D4A2E25461000FFC42C /* ProfileSummary.swift */,
				B560088A2E24A92C000558F8 /* ProfileView.swift */,
				B5CFD8682DFE40CC00A4E6E4 /* AuthView.swift */,
			);
			path = Login;
			sourceTree = "<group>";
		};
		B5CFD86A2DFE40E200A4E6E4 /* UICommon */ = {
			isa = PBXGroup;
			children = (
				B59E6D4C2E25470000FFC42C /* NeumorphicInputField.swift */,
				B560088C2E24AA49000558F8 /* ConvoInputField.swift */,
				B5CFD86B2DFE40ED00A4E6E4 /* CustomTextField.swift */,
			);
			path = UICommon;
			sourceTree = "<group>";
		};
/* End PBXGroup section */

/* Begin PBXNativeTarget section */
		B5CFD8332DFE2C4D00A4E6E4 /* Convo */ = {
			isa = PBXNativeTarget;
			buildConfigurationList = B5CFD8582DFE2C4E00A4E6E4 /* Build configuration list for PBXNativeTarget "Convo" */;
			buildPhases = (
				B5CFD8302DFE2C4D00A4E6E4 /* Sources */,
				B5CFD8312DFE2C4D00A4E6E4 /* Frameworks */,
				B5CFD8322DFE2C4D00A4E6E4 /* Resources */,
			);
			buildRules = (
			);
			dependencies = (
				B5CFD8782DFE753900A4E6E4 /* PBXTargetDependency */,
				B5CFD87A2DFE753900A4E6E4 /* PBXTargetDependency */,
				B5CFD87C2DFE753900A4E6E4 /* PBXTargetDependency */,
				B5CFD87E2DFE753900A4E6E4 /* PBXTargetDependency */,
				B5CFD8802DFE753900A4E6E4 /* PBXTargetDependency */,
				B5CFD8632DFE2C9700A4E6E4 /* PBXTargetDependency */,
			);
			name = Convo;
			packageProductDependencies = (
				B5CFD86D2DFE73E800A4E6E4 /* Auth */,
				B5CFD86F2DFE73E800A4E6E4 /* Functions */,
				B5CFD8712DFE73E800A4E6E4 /* PostgREST */,
				B5CFD8732DFE73E800A4E6E4 /* Realtime */,
				B5CFD8752DFE73E800A4E6E4 /* Storage */,
				B559F4CE2E23B7F90014866E /* Supabase */,
			);
			productName = Convo;
			productReference = B5CFD8342DFE2C4D00A4E6E4 /* Convo.app */;
			productType = "com.apple.product-type.application";
		};
/* End PBXNativeTarget section */

/* Begin PBXProject section */
		B5CFD82C2DFE2C4D00A4E6E4 /* Project object */ = {
			isa = PBXProject;
			attributes = {
				BuildIndependentTargetsInParallel = 1;
				LastSwiftUpdateCheck = 1540;
				LastUpgradeCheck = 1540;
				TargetAttributes = {
					B5CFD8332DFE2C4D00A4E6E4 = {
						CreatedOnToolsVersion = 15.4;
					};
				};
			};
			buildConfigurationList = B5CFD82F2DFE2C4D00A4E6E4 /* Build configuration list for PBXProject "Convo" */;
			compatibilityVersion = "Xcode 14.0";
			developmentRegion = en;
			hasScannedForEncodings = 0;
			knownRegions = (
				en,
				Base,
			);
			mainGroup = B5CFD82B2DFE2C4D00A4E6E4;
			packageReferences = (
				B5CFD8612DFE2C8400A4E6E4 /* XCRemoteSwiftPackageReference "supabase-swift" */,
			);
			productRefGroup = B5CFD8352DFE2C4D00A4E6E4 /* Products */;
			projectDirPath = "";
			projectRoot = "";
			targets = (
				B5CFD8332DFE2C4D00A4E6E4 /* Convo */,
			);
		};
/* End PBXProject section */

/* Begin PBXResourcesBuildPhase section */
		B5CFD8322DFE2C4D00A4E6E4 /* Resources */ = {
			isa = PBXResourcesBuildPhase;
			buildActionMask = 2147483647;
			files = (
				B5CFD83F2DFE2C4E00A4E6E4 /* Preview Assets.xcassets in Resources */,
				B5CFD83C2DFE2C4E00A4E6E4 /* Assets.xcassets in Resources */,
			);
			runOnlyForDeploymentPostprocessing = 0;
		};
/* End PBXResourcesBuildPhase section */

/* Begin PBXSourcesBuildPhase section */
		B5CFD8302DFE2C4D00A4E6E4 /* Sources */ = {
			isa = PBXSourcesBuildPhase;
			buildActionMask = 2147483647;
			files = (
				B593AEEA2E261B2500BAF13C /* QuizContent.swift in Sources */,
				B57B2A4B2E28C3060026D549 /* ShopModels.swift in Sources */,
				B59E6D4D2E25470700FFC42C /* NeumorphicInputField.swift in Sources */,
				B5CFD8652DFE40AC00A4E6E4 /* Supabase.swift in Sources */,
				B5CFD83A2DFE2C4D00A4E6E4 /* ContentView.swift in Sources */,
				B59E6D532E25B37100FFC42C /* StreakCalendar.swift in Sources */,
				B59E6D4B2E25461500FFC42C /* ProfileSummary.swift in Sources */,
				B560088B2E24A92D000558F8 /* ProfileView.swift in Sources */,
				B53E22D72E23F0DF00FC1A3A /* AppView.swift in Sources */,
				B57B2A4E2E28C4FC0026D549 /* ShopView.swift in Sources */,
				B53E22D22E23ED6400FC1A3A /* QuizQuestion.swift in Sources */,
				B59E6D512E25B10E00FFC42C /* UserProgress.swift in Sources */,
				B53E22CF2E23EACE00FC1A3A /* QuizList.swift in Sources */,
				B55CAE8C2E3B12B3000FAB51 /* ProgressOverview.swift in Sources */,
				B53E22D52E23F05C00FC1A3A /* BottomNav.swift in Sources */,
				B59E6D562E25B4B400FFC42C /* FullCalendar.swift in Sources */,
				B59E6D492E25447F00FFC42C /* UserSetup.swift in Sources */,
				B560088D2E24AA4B000558F8 /* ConvoInputField.swift in Sources */,
				B5CFD8692DFE40CC00A4E6E4 /* AuthView.swift in Sources */,
				B5CFD8382DFE2C4D00A4E6E4 /* ConvoApp.swift in Sources */,
				B5CFD86C2DFE40ED00A4E6E4 /* CustomTextField.swift in Sources */,
				B59E6D452E253FB000FFC42C /* QuizResult.swift in Sources */,
				B5A7EEF72E3B4B4A00E1E4DC /* ThemeManager.swift in Sources */,
			);
			runOnlyForDeploymentPostprocessing = 0;
		};
/* End PBXSourcesBuildPhase section */

/* Begin PBXTargetDependency section */
		B5CFD8632DFE2C9700A4E6E4 /* PBXTargetDependency */ = {
			isa = PBXTargetDependency;
			productRef = B5CFD8622DFE2C9700A4E6E4 /* Supabase */;
		};
		B5CFD8782DFE753900A4E6E4 /* PBXTargetDependency */ = {
			isa = PBXTargetDependency;
			productRef = B5CFD8772DFE753900A4E6E4 /* Auth */;
		};
		B5CFD87A2DFE753900A4E6E4 /* PBXTargetDependency */ = {
			isa = PBXTargetDependency;
			productRef = B5CFD8792DFE753900A4E6E4 /* Functions */;
		};
		B5CFD87C2DFE753900A4E6E4 /* PBXTargetDependency */ = {
			isa = PBXTargetDependency;
			productRef = B5CFD87B2DFE753900A4E6E4 /* PostgREST */;
		};
		B5CFD87E2DFE753900A4E6E4 /* PBXTargetDependency */ = {
			isa = PBXTargetDependency;
			productRef = B5CFD87D2DFE753900A4E6E4 /* Realtime */;
		};
		B5CFD8802DFE753900A4E6E4 /* PBXTargetDependency */ = {
			isa = PBXTargetDependency;
			productRef = B5CFD87F2DFE753900A4E6E4 /* Storage */;
		};
/* End PBXTargetDependency section */

/* Begin XCBuildConfiguration section */
		B5CFD8562DFE2C4E00A4E6E4 /* Debug */ = {
			isa = XCBuildConfiguration;
			buildSettings = {
				ALWAYS_SEARCH_USER_PATHS = NO;
				ASSETCATALOG_COMPILER_GENERATE_SWIFT_ASSET_SYMBOL_EXTENSIONS = YES;
				CLANG_ANALYZER_NONNULL = YES;
				CLANG_ANALYZER_NUMBER_OBJECT_CONVERSION = YES_AGGRESSIVE;
				CLANG_CXX_LANGUAGE_STANDARD = "gnu++20";
				CLANG_ENABLE_MODULES = YES;
				CLANG_ENABLE_OBJC_ARC = YES;
				CLANG_ENABLE_OBJC_WEAK = YES;
				CLANG_WARN_BLOCK_CAPTURE_AUTORELEASING = YES;
				CLANG_WARN_BOOL_CONVERSION = YES;
				CLANG_WARN_COMMA = YES;
				CLANG_WARN_CONSTANT_CONVERSION = YES;
				CLANG_WARN_DEPRECATED_OBJC_IMPLEMENTATIONS = YES;
				CLANG_WARN_DIRECT_OBJC_ISA_USAGE = YES_ERROR;
				CLANG_WARN_DOCUMENTATION_COMMENTS = YES;
				CLANG_WARN_EMPTY_BODY = YES;
				CLANG_WARN_ENUM_CONVERSION = YES;
				CLANG_WARN_INFINITE_RECURSION = YES;
				CLANG_WARN_INT_CONVERSION = YES;
				CLANG_WARN_NON_LITERAL_NULL_CONVERSION = YES;
				CLANG_WARN_OBJC_IMPLICIT_RETAIN_SELF = YES;
				CLANG_WARN_OBJC_LITERAL_CONVERSION = YES;
				CLANG_WARN_OBJC_ROOT_CLASS = YES_ERROR;
				CLANG_WARN_QUOTED_INCLUDE_IN_FRAMEWORK_HEADER = YES;
				CLANG_WARN_RANGE_LOOP_ANALYSIS = YES;
				CLANG_WARN_STRICT_PROTOTYPES = YES;
				CLANG_WARN_SUSPICIOUS_MOVE = YES;
				CLANG_WARN_UNGUARDED_AVAILABILITY = YES_AGGRESSIVE;
				CLANG_WARN_UNREACHABLE_CODE = YES;
				CLANG_WARN__DUPLICATE_METHOD_MATCH = YES;
				COPY_PHASE_STRIP = NO;
				DEBUG_INFORMATION_FORMAT = dwarf;
				ENABLE_STRICT_OBJC_MSGSEND = YES;
				ENABLE_TESTABILITY = YES;
				ENABLE_USER_SCRIPT_SANDBOXING = YES;
				GCC_C_LANGUAGE_STANDARD = gnu17;
				GCC_DYNAMIC_NO_PIC = NO;
				GCC_NO_COMMON_BLOCKS = YES;
				GCC_OPTIMIZATION_LEVEL = 0;
				GCC_PREPROCESSOR_DEFINITIONS = (
					"DEBUG=1",
					"$(inherited)",
				);
				GCC_WARN_64_TO_32_BIT_CONVERSION = YES;
				GCC_WARN_ABOUT_RETURN_TYPE = YES_ERROR;
				GCC_WARN_UNDECLARED_SELECTOR = YES;
				GCC_WARN_UNINITIALIZED_AUTOS = YES_AGGRESSIVE;
				GCC_WARN_UNUSED_FUNCTION = YES;
				GCC_WARN_UNUSED_VARIABLE = YES;
				IPHONEOS_DEPLOYMENT_TARGET = 17.5;
				LOCALIZATION_PREFERS_STRING_CATALOGS = YES;
				MTL_ENABLE_DEBUG_INFO = INCLUDE_SOURCE;
				MTL_FAST_MATH = YES;
				ONLY_ACTIVE_ARCH = YES;
				SDKROOT = iphoneos;
				SWIFT_ACTIVE_COMPILATION_CONDITIONS = "DEBUG $(inherited)";
				SWIFT_OPTIMIZATION_LEVEL = "-Onone";
			};
			name = Debug;
		};
		B5CFD8572DFE2C4E00A4E6E4 /* Release */ = {
			isa = XCBuildConfiguration;
			buildSettings = {
				ALWAYS_SEARCH_USER_PATHS = NO;
				ASSETCATALOG_COMPILER_GENERATE_SWIFT_ASSET_SYMBOL_EXTENSIONS = YES;
				CLANG_ANALYZER_NONNULL = YES;
				CLANG_ANALYZER_NUMBER_OBJECT_CONVERSION = YES_AGGRESSIVE;
				CLANG_CXX_LANGUAGE_STANDARD = "gnu++20";
				CLANG_ENABLE_MODULES = YES;
				CLANG_ENABLE_OBJC_ARC = YES;
				CLANG_ENABLE_OBJC_WEAK = YES;
				CLANG_WARN_BLOCK_CAPTURE_AUTORELEASING = YES;
				CLANG_WARN_BOOL_CONVERSION = YES;
				CLANG_WARN_COMMA = YES;
				CLANG_WARN_CONSTANT_CONVERSION = YES;
				CLANG_WARN_DEPRECATED_OBJC_IMPLEMENTATIONS = YES;
				CLANG_WARN_DIRECT_OBJC_ISA_USAGE = YES_ERROR;
				CLANG_WARN_DOCUMENTATION_COMMENTS = YES;
				CLANG_WARN_EMPTY_BODY = YES;
				CLANG_WARN_ENUM_CONVERSION = YES;
				CLANG_WARN_INFINITE_RECURSION = YES;
				CLANG_WARN_INT_CONVERSION = YES;
				CLANG_WARN_NON_LITERAL_NULL_CONVERSION = YES;
				CLANG_WARN_OBJC_IMPLICIT_RETAIN_SELF = YES;
				CLANG_WARN_OBJC_LITERAL_CONVERSION = YES;
				CLANG_WARN_OBJC_ROOT_CLASS = YES_ERROR;
				CLANG_WARN_QUOTED_INCLUDE_IN_FRAMEWORK_HEADER = YES;
				CLANG_WARN_RANGE_LOOP_ANALYSIS = YES;
				CLANG_WARN_STRICT_PROTOTYPES = YES;
				CLANG_WARN_SUSPICIOUS_MOVE = YES;
				CLANG_WARN_UNGUARDED_AVAILABILITY = YES_AGGRESSIVE;
				CLANG_WARN_UNREACHABLE_CODE = YES;
				CLANG_WARN__DUPLICATE_METHOD_MATCH = YES;
				COPY_PHASE_STRIP = NO;
				DEBUG_INFORMATION_FORMAT = "dwarf-with-dsym";
				ENABLE_NS_ASSERTIONS = NO;
				ENABLE_STRICT_OBJC_MSGSEND = YES;
				ENABLE_USER_SCRIPT_SANDBOXING = YES;
				GCC_C_LANGUAGE_STANDARD = gnu17;
				GCC_NO_COMMON_BLOCKS = YES;
				GCC_WARN_64_TO_32_BIT_CONVERSION = YES;
				GCC_WARN_ABOUT_RETURN_TYPE = YES_ERROR;
				GCC_WARN_UNDECLARED_SELECTOR = YES;
				GCC_WARN_UNINITIALIZED_AUTOS = YES_AGGRESSIVE;
				GCC_WARN_UNUSED_FUNCTION = YES;
				GCC_WARN_UNUSED_VARIABLE = YES;
				IPHONEOS_DEPLOYMENT_TARGET = 17.5;
				LOCALIZATION_PREFERS_STRING_CATALOGS = YES;
				MTL_ENABLE_DEBUG_INFO = NO;
				MTL_FAST_MATH = YES;
				SDKROOT = iphoneos;
				SWIFT_COMPILATION_MODE = wholemodule;
				VALIDATE_PRODUCT = YES;
			};
			name = Release;
		};
		B5CFD8592DFE2C4E00A4E6E4 /* Debug */ = {
			isa = XCBuildConfiguration;
			buildSettings = {
				ASSETCATALOG_COMPILER_APPICON_NAME = AppIcon;
				ASSETCATALOG_COMPILER_GLOBAL_ACCENT_COLOR_NAME = AccentColor;
				CODE_SIGN_STYLE = Automatic;
				CURRENT_PROJECT_VERSION = 1;
				DEVELOPMENT_ASSET_PATHS = "\"Convo/Preview Content\"";
				DEVELOPMENT_TEAM = NDP87SHHDT;
				ENABLE_PREVIEWS = YES;
				GENERATE_INFOPLIST_FILE = YES;
				INFOPLIST_KEY_CFBundleDisplayName = Convi;
				INFOPLIST_KEY_LSApplicationCategoryType = "public.app-category.education";
				INFOPLIST_KEY_UIApplicationSceneManifest_Generation = YES;
				INFOPLIST_KEY_UIApplicationSupportsIndirectInputEvents = YES;
				INFOPLIST_KEY_UILaunchScreen_Generation = YES;
				INFOPLIST_KEY_UISupportedInterfaceOrientations_iPad = "UIInterfaceOrientationPortrait UIInterfaceOrientationPortraitUpsideDown UIInterfaceOrientationLandscapeLeft UIInterfaceOrientationLandscapeRight";
				INFOPLIST_KEY_UISupportedInterfaceOrientations_iPhone = "UIInterfaceOrientationPortrait UIInterfaceOrientationLandscapeLeft UIInterfaceOrientationLandscapeRight";
				LD_RUNPATH_SEARCH_PATHS = (
					"$(inherited)",
					"@executable_path/Frameworks",
				);
				MARKETING_VERSION = 0.1.0;
				PRODUCT_BUNDLE_IDENTIFIER = fromscroobles.Convo;
				PRODUCT_NAME = "$(TARGET_NAME)";
				SWIFT_EMIT_LOC_STRINGS = YES;
				SWIFT_VERSION = 5.0;
				TARGETED_DEVICE_FAMILY = "1,2";
			};
			name = Debug;
		};
		B5CFD85A2DFE2C4E00A4E6E4 /* Release */ = {
			isa = XCBuildConfiguration;
			buildSettings = {
				ASSETCATALOG_COMPILER_APPICON_NAME = AppIcon;
				ASSETCATALOG_COMPILER_GLOBAL_ACCENT_COLOR_NAME = AccentColor;
				CODE_SIGN_STYLE = Automatic;
				CURRENT_PROJECT_VERSION = 1;
				DEVELOPMENT_ASSET_PATHS = "\"Convo/Preview Content\"";
				DEVELOPMENT_TEAM = NDP87SHHDT;
				ENABLE_PREVIEWS = YES;
				GENERATE_INFOPLIST_FILE = YES;
				INFOPLIST_KEY_CFBundleDisplayName = Convi;
				INFOPLIST_KEY_LSApplicationCategoryType = "public.app-category.education";
				INFOPLIST_KEY_UIApplicationSceneManifest_Generation = YES;
				INFOPLIST_KEY_UIApplicationSupportsIndirectInputEvents = YES;
				INFOPLIST_KEY_UILaunchScreen_Generation = YES;
				INFOPLIST_KEY_UISupportedInterfaceOrientations_iPad = "UIInterfaceOrientationPortrait UIInterfaceOrientationPortraitUpsideDown UIInterfaceOrientationLandscapeLeft UIInterfaceOrientationLandscapeRight";
				INFOPLIST_KEY_UISupportedInterfaceOrientations_iPhone = "UIInterfaceOrientationPortrait UIInterfaceOrientationLandscapeLeft UIInterfaceOrientationLandscapeRight";
				LD_RUNPATH_SEARCH_PATHS = (
					"$(inherited)",
					"@executable_path/Frameworks",
				);
				MARKETING_VERSION = 0.1.0;
				PRODUCT_BUNDLE_IDENTIFIER = fromscroobles.Convo;
				PRODUCT_NAME = "$(TARGET_NAME)";
				SWIFT_EMIT_LOC_STRINGS = YES;
				SWIFT_VERSION = 5.0;
				TARGETED_DEVICE_FAMILY = "1,2";
			};
			name = Release;
		};
/* End XCBuildConfiguration section */

/* Begin XCConfigurationList section */
		B5CFD82F2DFE2C4D00A4E6E4 /* Build configuration list for PBXProject "Convo" */ = {
			isa = XCConfigurationList;
			buildConfigurations = (
				B5CFD8562DFE2C4E00A4E6E4 /* Debug */,
				B5CFD8572DFE2C4E00A4E6E4 /* Release */,
			);
			defaultConfigurationIsVisible = 0;
			defaultConfigurationName = Release;
		};
		B5CFD8582DFE2C4E00A4E6E4 /* Build configuration list for PBXNativeTarget "Convo" */ = {
			isa = XCConfigurationList;
			buildConfigurations = (
				B5CFD8592DFE2C4E00A4E6E4 /* Debug */,
				B5CFD85A2DFE2C4E00A4E6E4 /* Release */,
			);
			defaultConfigurationIsVisible = 0;
			defaultConfigurationName = Release;
		};
/* End XCConfigurationList section */

/* Begin XCRemoteSwiftPackageReference section */
		B5CFD8612DFE2C8400A4E6E4 /* XCRemoteSwiftPackageReference "supabase-swift" */ = {
			isa = XCRemoteSwiftPackageReference;
			repositoryURL = "https://github.com/supabase/supabase-swift";
			requirement = {
				kind = upToNextMajorVersion;
				minimumVersion = 2.5.1;
			};
		};
/* End XCRemoteSwiftPackageReference section */

/* Begin XCSwiftPackageProductDependency section */
		B559F4CE2E23B7F90014866E /* Supabase */ = {
			isa = XCSwiftPackageProductDependency;
			package = B5CFD8612DFE2C8400A4E6E4 /* XCRemoteSwiftPackageReference "supabase-swift" */;
			productName = Supabase;
		};
		B5CFD8622DFE2C9700A4E6E4 /* Supabase */ = {
			isa = XCSwiftPackageProductDependency;
			package = B5CFD8612DFE2C8400A4E6E4 /* XCRemoteSwiftPackageReference "supabase-swift" */;
			productName = Supabase;
		};
		B5CFD86D2DFE73E800A4E6E4 /* Auth */ = {
			isa = XCSwiftPackageProductDependency;
			package = B5CFD8612DFE2C8400A4E6E4 /* XCRemoteSwiftPackageReference "supabase-swift" */;
			productName = Auth;
		};
		B5CFD86F2DFE73E800A4E6E4 /* Functions */ = {
			isa = XCSwiftPackageProductDependency;
			package = B5CFD8612DFE2C8400A4E6E4 /* XCRemoteSwiftPackageReference "supabase-swift" */;
			productName = Functions;
		};
		B5CFD8712DFE73E800A4E6E4 /* PostgREST */ = {
			isa = XCSwiftPackageProductDependency;
			package = B5CFD8612DFE2C8400A4E6E4 /* XCRemoteSwiftPackageReference "supabase-swift" */;
			productName = PostgREST;
		};
		B5CFD8732DFE73E800A4E6E4 /* Realtime */ = {
			isa = XCSwiftPackageProductDependency;
			package = B5CFD8612DFE2C8400A4E6E4 /* XCRemoteSwiftPackageReference "supabase-swift" */;
			productName = Realtime;
		};
		B5CFD8752DFE73E800A4E6E4 /* Storage */ = {
			isa = XCSwiftPackageProductDependency;
			package = B5CFD8612DFE2C8400A4E6E4 /* XCRemoteSwiftPackageReference "supabase-swift" */;
			productName = Storage;
		};
		B5CFD8772DFE753900A4E6E4 /* Auth */ = {
			isa = XCSwiftPackageProductDependency;
			package = B5CFD8612DFE2C8400A4E6E4 /* XCRemoteSwiftPackageReference "supabase-swift" */;
			productName = Auth;
		};
		B5CFD8792DFE753900A4E6E4 /* Functions */ = {
			isa = XCSwiftPackageProductDependency;
			package = B5CFD8612DFE2C8400A4E6E4 /* XCRemoteSwiftPackageReference "supabase-swift" */;
			productName = Functions;
		};
		B5CFD87B2DFE753900A4E6E4 /* PostgREST */ = {
			isa = XCSwiftPackageProductDependency;
			package = B5CFD8612DFE2C8400A4E6E4 /* XCRemoteSwiftPackageReference "supabase-swift" */;
			productName = PostgREST;
		};
		B5CFD87D2DFE753900A4E6E4 /* Realtime */ = {
			isa = XCSwiftPackageProductDependency;
			package = B5CFD8612DFE2C8400A4E6E4 /* XCRemoteSwiftPackageReference "supabase-swift" */;
			productName = Realtime;
		};
		B5CFD87F2DFE753900A4E6E4 /* Storage */ = {
			isa = XCSwiftPackageProductDependency;
			package = B5CFD8612DFE2C8400A4E6E4 /* XCRemoteSwiftPackageReference "supabase-swift" */;
			productName = Storage;
		};
/* End XCSwiftPackageProductDependency section */
	};
	rootObject = B5CFD82C2DFE2C4D00A4E6E4 /* Project object */;
}
